
Microsoft Visual Studio Solution File, Format Version 12.00
# Visual Studio Version 17
VisualStudioVersion = 17.14.36511.14
MinimumVisualStudioVersion = 10.0.40219.1
Project("{FAE04EC0-301F-11D3-BF4B-00C04F79EFBC}") = "OPMBL", "OPMBL\OPMBL.csproj", "{1788F5A2-3FE4-4222-B91D-A0F9A8977121}"
EndProject
Project("{FAE04EC0-301F-11D3-BF4B-00C04F79EFBC}") = "OPMDL", "OPMDL\OPMDL.csproj", "{A55A8907-04F1-4852-A6E0-D70A25E75FF9}"
EndProject
Project("{FAE04EC0-301F-11D3-BF4B-00C04F79EFBC}") = "OPMUI", "OPMUI\OPMUI.csproj", "{86115D04-2E99-448D-9D0D-6E324357F1CE}"
EndProject
Project("{FAE04EC0-301F-11D3-BF4B-00C04F79EFBC}") = "OPMWPF", "OPMWPF\OPMWPF.csproj", "{ACAD9455-B31B-4331-A5F3-3E20E4BD5502}"
EndProject
Global
	GlobalSection(SolutionConfigurationPlatforms) = preSolution
		Debug|Any CPU = Debug|Any CPU
		Release|Any CPU = Release|Any CPU
	EndGlobalSection
	GlobalSection(ProjectConfigurationPlatforms) = postSolution
		{1788F5A2-3FE4-4222-B91D-A0F9A8977121}.Debug|Any CPU.ActiveCfg = Debug|Any CPU
		{1788F5A2-3FE4-4222-B91D-A0F9A8977121}.Debug|Any CPU.Build.0 = Debug|Any CPU
		{1788F5A2-3FE4-4222-B91D-A0F9A8977121}.Release|Any CPU.ActiveCfg = Release|Any CPU
		{1788F5A2-3FE4-4222-B91D-A0F9A8977121}.Release|Any CPU.Build.0 = Release|Any CPU
		{A55A8907-04F1-4852-A6E0-D70A25E75FF9}.Debug|Any CPU.ActiveCfg = Debug|Any CPU
		{A55A8907-04F1-4852-A6E0-D70A25E75FF9}.Debug|Any CPU.Build.0 = Debug|Any CPU
		{A55A8907-04F1-4852-A6E0-D70A25E75FF9}.Release|Any CPU.ActiveCfg = Release|Any CPU
		{A55A8907-04F1-4852-A6E0-D70A25E75FF9}.Release|Any CPU.Build.0 = Release|Any CPU
		{86115D04-2E99-448D-9D0D-6E324357F1CE}.Debug|Any CPU.ActiveCfg = Debug|Any CPU
		{86115D04-2E99-448D-9D0D-6E324357F1CE}.Debug|Any CPU.Build.0 = Debug|Any CPU
		{86115D04-2E99-448D-9D0D-6E324357F1CE}.Release|Any CPU.ActiveCfg = Release|Any CPU
		{86115D04-2E99-448D-9D0D-6E324357F1CE}.Release|Any CPU.Build.0 = Release|Any CPU
		{ACAD9455-B31B-4331-A5F3-3E20E4BD5502}.Debug|Any CPU.ActiveCfg = Debug|Any CPU
		{ACAD9455-B31B-4331-A5F3-3E20E4BD5502}.Debug|Any CPU.Build.0 = Debug|Any CPU
		{ACAD9455-B31B-4331-A5F3-3E20E4BD5502}.Release|Any CPU.ActiveCfg = Release|Any CPU
		{ACAD9455-B31B-4331-A5F3-3E20E4BD5502}.Release|Any CPU.Build.0 = Release|Any CPU
	EndGlobalSection
	GlobalSection(SolutionProperties) = preSolution
		HideSolutionNode = FALSE
	EndGlobalSection
	GlobalSection(ExtensibilityGlobals) = postSolution
		SolutionGuid = {55084541-98FE-41C8-9A61-8D9ED0DC63E6}
	EndGlobalSection
EndGlobal
